
Microsoft Visual Studio Solution File, Format Version 12.00
# Visual Studio Version 17
VisualStudioVersion = 17.9.34902.65
MinimumVisualStudioVersion = 10.0.40219.1
Project("{FAE04EC0-301F-11D3-BF4B-00C04F79EFBC}") = "新警成长管理工具", "新警成长管理工具\新警成长管理工具.csproj", "{ED688F97-E543-4488-8ADC-E11573E5C592}"
EndProject
Global
	GlobalSection(SolutionConfigurationPlatforms) = preSolution
		Debug|Any CPU = Debug|Any CPU
		Release|Any CPU = Release|Any CPU
	EndGlobalSection
	GlobalSection(ProjectConfigurationPlatforms) = postSolution
		{ED688F97-E543-4488-8ADC-E11573E5C592}.Debug|Any CPU.ActiveCfg = Debug|Any CPU
		{ED688F97-E543-4488-8ADC-E11573E5C592}.Debug|Any CPU.Build.0 = Debug|Any CPU
		{ED688F97-E543-4488-8ADC-E11573E5C592}.Release|Any CPU.ActiveCfg = Release|Any CPU
		{ED688F97-E543-4488-8ADC-E11573E5C592}.Release|Any CPU.Build.0 = Release|Any CPU
	EndGlobalSection
	GlobalSection(SolutionProperties) = preSolution
		HideSolutionNode = FALSE
	EndGlobalSection
	GlobalSection(ExtensibilityGlobals) = postSolution
		SolutionGuid = {CE35F9E7-E801-4317-AB47-06AFAA2F1CF4}
	EndGlobalSection
EndGlobal
